
Microsoft Visual Studio Solution File, Format Version 12.00
# Visual Studio 2013
VisualStudioVersion = 12.0.40629.0
MinimumVisualStudioVersion = 10.0.40219.1
Project("{FAE04EC0-301F-11D3-BF4B-00C04F79EFBC}") = "MockingTest", "MockingTest\MockingTest.csproj", "{E9509170-20AC-4E7B-991C-B1607BDE494D}"
EndProject
Project("{FAE04EC0-301F-11D3-BF4B-00C04F79EFBC}") = "MockingTest.Services", "Services\MockingTest.Services.csproj", "{7775A055-4355-4E03-B9FE-F538F0016574}"
EndProject
Project("{FAE04EC0-301F-11D3-BF4B-00C04F79EFBC}") = "MockingTest.Entities", "MockingTest.Entities\MockingTest.Entities.csproj", "{9F8FA1B4-71E6-481A-94CF-B4B45F7C709C}"
EndProject
Project("{FAE04EC0-301F-11D3-BF4B-00C04F79EFBC}") = "MockingTest.Tests", "MockingTest.Tests\MockingTest.Tests.csproj", "{78637EB8-CDF7-42A8-A39F-A2D950D0A9F1}"
EndProject
Global
	GlobalSection(SolutionConfigurationPlatforms) = preSolution
		Debug|Any CPU = Debug|Any CPU
		Release|Any CPU = Release|Any CPU
	EndGlobalSection
	GlobalSection(ProjectConfigurationPlatforms) = postSolution
		{E9509170-20AC-4E7B-991C-B1607BDE494D}.Debug|Any CPU.ActiveCfg = Debug|Any CPU
		{E9509170-20AC-4E7B-991C-B1607BDE494D}.Debug|Any CPU.Build.0 = Debug|Any CPU
		{E9509170-20AC-4E7B-991C-B1607BDE494D}.Release|Any CPU.ActiveCfg = Release|Any CPU
		{E9509170-20AC-4E7B-991C-B1607BDE494D}.Release|Any CPU.Build.0 = Release|Any CPU
		{7775A055-4355-4E03-B9FE-F538F0016574}.Debug|Any CPU.ActiveCfg = Debug|Any CPU
		{7775A055-4355-4E03-B9FE-F538F0016574}.Debug|Any CPU.Build.0 = Debug|Any CPU
		{7775A055-4355-4E03-B9FE-F538F0016574}.Release|Any CPU.ActiveCfg = Release|Any CPU
		{7775A055-4355-4E03-B9FE-F538F0016574}.Release|Any CPU.Build.0 = Release|Any CPU
		{9F8FA1B4-71E6-481A-94CF-B4B45F7C709C}.Debug|Any CPU.ActiveCfg = Debug|Any CPU
		{9F8FA1B4-71E6-481A-94CF-B4B45F7C709C}.Debug|Any CPU.Build.0 = Debug|Any CPU
		{9F8FA1B4-71E6-481A-94CF-B4B45F7C709C}.Release|Any CPU.ActiveCfg = Release|Any CPU
		{9F8FA1B4-71E6-481A-94CF-B4B45F7C709C}.Release|Any CPU.Build.0 = Release|Any CPU
		{78637EB8-CDF7-42A8-A39F-A2D950D0A9F1}.Debug|Any CPU.ActiveCfg = Debug|Any CPU
		{78637EB8-CDF7-42A8-A39F-A2D950D0A9F1}.Debug|Any CPU.Build.0 = Debug|Any CPU
		{78637EB8-CDF7-42A8-A39F-A2D950D0A9F1}.Release|Any CPU.ActiveCfg = Release|Any CPU
		{78637EB8-CDF7-42A8-A39F-A2D950D0A9F1}.Release|Any CPU.Build.0 = Release|Any CPU
	EndGlobalSection
	GlobalSection(SolutionProperties) = preSolution
		HideSolutionNode = FALSE
	EndGlobalSection
EndGlobal
